
Microsoft Visual Studio Solution File, Format Version 12.00
# Visual Studio Version 17
VisualStudioVersion = 17.5.33502.453
MinimumVisualStudioVersion = 10.0.40219.1
Project("{2150E333-8FDC-42A3-9474-1A3956D46DE8}") = "Internal", "Internal", "{688CCE60-1F17-4E28-A870-1893905852AE}"
	ProjectSection(SolutionItems) = preProject
		Internal\.editorconfig = Internal\.editorconfig
	EndProjectSection
EndProject
Project("{2150E333-8FDC-42A3-9474-1A3956D46DE8}") = "Scripts", "Scripts", "{A81CCA8A-5280-4798-9442-62C6C68CAD61}"
EndProject
Project("{2150E333-8FDC-42A3-9474-1A3956D46DE8}") = "Dlls", "Dlls", "{4E8A86D5-130F-4C5A-B701-712D2E3766DC}"
	ProjectSection(SolutionItems) = preProject
		Dlls\ABOUT.md = Dlls\ABOUT.md
	EndProjectSection
EndProject
Project("{2150E333-8FDC-42A3-9474-1A3956D46DE8}") = "CompanionFiles", "CompanionFiles", "{32A5A417-5475-49C1-822A-72BC4E5B4A35}"
EndProject
Project("{2150E333-8FDC-42A3-9474-1A3956D46DE8}") = "Skyline DataMiner", "Skyline DataMiner", "{675015B5-5FB0-414A-8CAA-EBA5989A8873}"
	ProjectSection(SolutionItems) = preProject
		CompanionFiles\Skyline DataMiner\AboutThisFolder.md = CompanionFiles\Skyline DataMiner\AboutThisFolder.md
	EndProjectSection
EndProject
Project("{2150E333-8FDC-42A3-9474-1A3956D46DE8}") = "Documentation", "Documentation", "{188F7F53-0BC5-4FFF-A6B3-35ACC15CABD8}"
	ProjectSection(SolutionItems) = preProject
		Documentation\ABOUT.md = Documentation\ABOUT.md
		README.md = README.md
	EndProjectSection
EndProject
Project("{2150E333-8FDC-42A3-9474-1A3956D46DE8}") = "Tests", "Tests", "{F8938D60-51A0-4880-9CFC-19C66379BB5D}"
EndProject
Project("{2150E333-8FDC-42A3-9474-1A3956D46DE8}") = "Code Analysis", "Code Analysis", "{84DB5E34-7E00-46D4-BA5A-BE63807E3C6A}"
	ProjectSection(SolutionItems) = preProject
		Internal\Code Analysis\qaction-debug.ruleset = Internal\Code Analysis\qaction-debug.ruleset
		Internal\Code Analysis\qaction-release.ruleset = Internal\Code Analysis\qaction-release.ruleset
		Internal\Code Analysis\stylecop.json = Internal\Code Analysis\stylecop.json
	EndProjectSection
EndProject
Project("{2150E333-8FDC-42A3-9474-1A3956D46DE8}") = "IAS_DropDownFilter", "IAS_DropDownFilter", "{27FDA3FD-455F-48F1-B1DA-13CD49B06039}"
	ProjectSection(SolutionItems) = preProject
		IAS_DropDownFilter.xml = IAS_DropDownFilter.xml
	EndProjectSection
EndProject
Project("{2150E333-8FDC-42A3-9474-1A3956D46DE8}") = "Actions", "Actions", "{567F806D-C285-499A-866D-E3A0C1A27598}"
EndProject
Project("{9A19103F-16F7-4668-BE54-9A1E7A4F7556}") = "IAS_DropDownFilter_1", "IAS_DropDownFilter_1\IAS_DropDownFilter_1.csproj", "{5CAF5EF8-0022-43AD-AE37-984436C1477A}"
EndProject
Project("{2150E333-8FDC-42A3-9474-1A3956D46DE8}") = "IAS_DynamicButtonList", "IAS_DynamicButtonList", "{D681C23E-FB47-47E8-8A3A-8B08312DCB4A}"
	ProjectSection(SolutionItems) = preProject
		IAS_DynamicButtonList.xml = IAS_DynamicButtonList.xml
	EndProjectSection
EndProject
Project("{2150E333-8FDC-42A3-9474-1A3956D46DE8}") = "Actions", "Actions", "{DC19D4E2-B1E5-41E4-BAD4-BCA2924D3D6D}"
EndProject
Project("{9A19103F-16F7-4668-BE54-9A1E7A4F7556}") = "IAS_DynamicButtonList_1", "IAS_DynamicButtonList_1\IAS_DynamicButtonList_1.csproj", "{FC5B19B5-BCB9-4512-963B-E0572EFEC0AA}"
EndProject
Project("{2150E333-8FDC-42A3-9474-1A3956D46DE8}") = "IAS_CheckBoxList", "IAS_CheckBoxList", "{E1317C39-C65D-4D89-BB72-F5F284341A94}"
	ProjectSection(SolutionItems) = preProject
		IAS_CheckBoxList.xml = IAS_CheckBoxList.xml
	EndProjectSection
EndProject
Project("{2150E333-8FDC-42A3-9474-1A3956D46DE8}") = "Actions", "Actions", "{7F10AEC8-9A16-46AB-A6D6-3CF01E2F2AA3}"
EndProject
Project("{9A19103F-16F7-4668-BE54-9A1E7A4F7556}") = "IAS_CheckBoxList_1", "IAS_CheckBoxList_1\IAS_CheckBoxList_1.csproj", "{3B0B0E09-A26C-4F9A-AFDA-A7D7FC4F50EF}"
EndProject
Global
	GlobalSection(SolutionConfigurationPlatforms) = preSolution
		Debug|Any CPU = Debug|Any CPU
		Release|Any CPU = Release|Any CPU
	EndGlobalSection
	GlobalSection(ProjectConfigurationPlatforms) = postSolution
		{5CAF5EF8-0022-43AD-AE37-984436C1477A}.Debug|Any CPU.ActiveCfg = Debug|Any CPU
		{5CAF5EF8-0022-43AD-AE37-984436C1477A}.Debug|Any CPU.Build.0 = Debug|Any CPU
		{5CAF5EF8-0022-43AD-AE37-984436C1477A}.Release|Any CPU.ActiveCfg = Release|Any CPU
		{5CAF5EF8-0022-43AD-AE37-984436C1477A}.Release|Any CPU.Build.0 = Release|Any CPU
		{FC5B19B5-BCB9-4512-963B-E0572EFEC0AA}.Debug|Any CPU.ActiveCfg = Debug|Any CPU
		{FC5B19B5-BCB9-4512-963B-E0572EFEC0AA}.Debug|Any CPU.Build.0 = Debug|Any CPU
		{FC5B19B5-BCB9-4512-963B-E0572EFEC0AA}.Release|Any CPU.ActiveCfg = Release|Any CPU
		{FC5B19B5-BCB9-4512-963B-E0572EFEC0AA}.Release|Any CPU.Build.0 = Release|Any CPU
		{3B0B0E09-A26C-4F9A-AFDA-A7D7FC4F50EF}.Debug|Any CPU.ActiveCfg = Debug|Any CPU
		{3B0B0E09-A26C-4F9A-AFDA-A7D7FC4F50EF}.Debug|Any CPU.Build.0 = Debug|Any CPU
		{3B0B0E09-A26C-4F9A-AFDA-A7D7FC4F50EF}.Release|Any CPU.ActiveCfg = Release|Any CPU
		{3B0B0E09-A26C-4F9A-AFDA-A7D7FC4F50EF}.Release|Any CPU.Build.0 = Release|Any CPU
	EndGlobalSection
	GlobalSection(SolutionProperties) = preSolution
		HideSolutionNode = FALSE
	EndGlobalSection
	GlobalSection(NestedProjects) = preSolution
		{675015B5-5FB0-414A-8CAA-EBA5989A8873} = {32A5A417-5475-49C1-822A-72BC4E5B4A35}
		{84DB5E34-7E00-46D4-BA5A-BE63807E3C6A} = {688CCE60-1F17-4E28-A870-1893905852AE}
		{27FDA3FD-455F-48F1-B1DA-13CD49B06039} = {A81CCA8A-5280-4798-9442-62C6C68CAD61}
		{567F806D-C285-499A-866D-E3A0C1A27598} = {27FDA3FD-455F-48F1-B1DA-13CD49B06039}
		{5CAF5EF8-0022-43AD-AE37-984436C1477A} = {567F806D-C285-499A-866D-E3A0C1A27598}
		{D681C23E-FB47-47E8-8A3A-8B08312DCB4A} = {A81CCA8A-5280-4798-9442-62C6C68CAD61}
		{DC19D4E2-B1E5-41E4-BAD4-BCA2924D3D6D} = {D681C23E-FB47-47E8-8A3A-8B08312DCB4A}
		{FC5B19B5-BCB9-4512-963B-E0572EFEC0AA} = {DC19D4E2-B1E5-41E4-BAD4-BCA2924D3D6D}
		{E1317C39-C65D-4D89-BB72-F5F284341A94} = {A81CCA8A-5280-4798-9442-62C6C68CAD61}
		{7F10AEC8-9A16-46AB-A6D6-3CF01E2F2AA3} = {E1317C39-C65D-4D89-BB72-F5F284341A94}
		{3B0B0E09-A26C-4F9A-AFDA-A7D7FC4F50EF} = {7F10AEC8-9A16-46AB-A6D6-3CF01E2F2AA3}
	EndGlobalSection
	GlobalSection(ExtensibilityGlobals) = postSolution
		SolutionGuid = {D10F5189-03D7-4B39-86D5-220E1112B68C}
	EndGlobalSection
EndGlobal
